
Microsoft Visual Studio Solution File, Format Version 12.00
# Visual Studio Version 17
VisualStudioVersion = 17.3.32825.248
MinimumVisualStudioVersion = 10.0.40219.1
Project("{FAE04EC0-301F-11D3-BF4B-00C04F79EFBC}") = "CGS_Lib", "CGS_Lib\CGS_Lib.csproj", "{4078763B-7589-4936-87AD-CD28ED47656E}"
EndProject
Global
	GlobalSection(SolutionConfigurationPlatforms) = preSolution
		Debug|Any CPU = Debug|Any CPU
		Release|Any CPU = Release|Any CPU
	EndGlobalSection
	GlobalSection(ProjectConfigurationPlatforms) = postSolution
		{4078763B-7589-4936-87AD-CD28ED47656E}.Debug|Any CPU.ActiveCfg = Debug|Any CPU
		{4078763B-7589-4936-87AD-CD28ED47656E}.Debug|Any CPU.Build.0 = Debug|Any CPU
		{4078763B-7589-4936-87AD-CD28ED47656E}.Release|Any CPU.ActiveCfg = Release|Any CPU
		{4078763B-7589-4936-87AD-CD28ED47656E}.Release|Any CPU.Build.0 = Release|Any CPU
	EndGlobalSection
	GlobalSection(SolutionProperties) = preSolution
		HideSolutionNode = FALSE
	EndGlobalSection
	GlobalSection(ExtensibilityGlobals) = postSolution
		SolutionGuid = {FC6474FD-61DA-4997-BCEB-B5B774438C0C}
	EndGlobalSection
EndGlobal
