
Microsoft Visual Studio Solution File, Format Version 12.00
# Visual Studio Version 17
VisualStudioVersion = 17.3.32825.248
MinimumVisualStudioVersion = 10.0.40219.1
Project("{FAE04EC0-301F-11D3-BF4B-00C04F79EFBC}") = "CGS_Windows_Form", "CGS_Windows_Form\CGS_Windows_Form.csproj", "{10A52419-CB3A-44E7-99FB-CDF0AF7FCC4A}"
EndProject
Project("{FAE04EC0-301F-11D3-BF4B-00C04F79EFBC}") = "CGS_Lib", "..\CGS_Lib\CGS_Lib\CGS_Lib.csproj", "{4078763B-7589-4936-87AD-CD28ED47656E}"
EndProject
Global
	GlobalSection(SolutionConfigurationPlatforms) = preSolution
		Debug|Any CPU = Debug|Any CPU
		Release|Any CPU = Release|Any CPU
	EndGlobalSection
	GlobalSection(ProjectConfigurationPlatforms) = postSolution
		{10A52419-CB3A-44E7-99FB-CDF0AF7FCC4A}.Debug|Any CPU.ActiveCfg = Debug|Any CPU
		{10A52419-CB3A-44E7-99FB-CDF0AF7FCC4A}.Debug|Any CPU.Build.0 = Debug|Any CPU
		{10A52419-CB3A-44E7-99FB-CDF0AF7FCC4A}.Release|Any CPU.ActiveCfg = Release|Any CPU
		{10A52419-CB3A-44E7-99FB-CDF0AF7FCC4A}.Release|Any CPU.Build.0 = Release|Any CPU
		{4078763B-7589-4936-87AD-CD28ED47656E}.Debug|Any CPU.ActiveCfg = Debug|Any CPU
		{4078763B-7589-4936-87AD-CD28ED47656E}.Debug|Any CPU.Build.0 = Debug|Any CPU
		{4078763B-7589-4936-87AD-CD28ED47656E}.Release|Any CPU.ActiveCfg = Release|Any CPU
		{4078763B-7589-4936-87AD-CD28ED47656E}.Release|Any CPU.Build.0 = Release|Any CPU
	EndGlobalSection
	GlobalSection(SolutionProperties) = preSolution
		HideSolutionNode = FALSE
	EndGlobalSection
	GlobalSection(ExtensibilityGlobals) = postSolution
		SolutionGuid = {FA6379C4-C4DD-4D4A-967E-8C431095D186}
	EndGlobalSection
EndGlobal
